
Microsoft Visual Studio Solution File, Format Version 12.00
# Visual Studio Version 16
VisualStudioVersion = 16.0.30611.23
MinimumVisualStudioVersion = 10.0.40219.1
Project("{FAE04EC0-301F-11D3-BF4B-00C04F79EFBC}") = "dotNet5781_00_1743_5638", "dotNet5781_00_1743_5638\dotNet5781_00_1743_5638.csproj", "{EA7D9DEF-9B2B-4502-AF0B-96221975A19D}"
EndProject
Project("{FAE04EC0-301F-11D3-BF4B-00C04F79EFBC}") = "dotNet5781_01_1743_5638", "dotNet5781_01_1743_5638\dotNet5781_01_1743_5638.csproj", "{629B6BA9-D332-444D-A867-6A91525C29FE}"
EndProject
Project("{FAE04EC0-301F-11D3-BF4B-00C04F79EFBC}") = "dotNet5781_02_1743_5638", "dotNet5781_02_1743_5638\dotNet5781_02_1743_5638.csproj", "{613B5373-C475-4241-AF33-989635F83935}"
EndProject
Project("{FAE04EC0-301F-11D3-BF4B-00C04F79EFBC}") = "dotNet5781_03A_1743_5638", "dotNet5781_03A_1743_5638\dotNet5781_03A_1743_5638.csproj", "{A9C5FF63-30E8-4FDA-A703-EED82F560921}"
EndProject
Project("{FAE04EC0-301F-11D3-BF4B-00C04F79EFBC}") = "dotNet5781_03B_1743_5638", "dotNet5781_03B_1743_5638\dotNet5781_03B_1743_5638.csproj", "{245CFA8C-E293-4C19-B6F1-9D581E53799C}"
EndProject
Project("{2150E333-8FDC-42A3-9474-1A3956D46DE8}") = "TARGILIM", "TARGILIM", "{69CC7603-20D4-4D5B-9BF0-E4CFC7E02CC9}"
EndProject
Project("{9A19103F-16F7-4668-BE54-9A1E7A4F7556}") = "BL", "..\..\..\Desktop\C#\Code\code de yair\dotNet5781_9886_7308\dotNet5781_9886_7308\BL\BL.csproj", "{3CD5F7A4-DF99-476B-87F2-8757F5489A1D}"
EndProject
Project("{9A19103F-16F7-4668-BE54-9A1E7A4F7556}") = "DalApi", "..\..\..\Desktop\C#\Code\code de yair\dotNet5781_9886_7308\dotNet5781_9886_7308\DalApi\DalApi.csproj", "{733185B3-D6EC-4BA2-87F4-F2BBF43C9926}"
EndProject
Project("{9A19103F-16F7-4668-BE54-9A1E7A4F7556}") = "DalObject", "..\..\..\Desktop\C#\Code\code de yair\dotNet5781_9886_7308\dotNet5781_9886_7308\DalObject\DalObject.csproj", "{02D6607B-E2A1-408A-B6F9-4AC796CDFEDA}"
EndProject
Project("{9A19103F-16F7-4668-BE54-9A1E7A4F7556}") = "DS", "..\..\..\Desktop\C#\Code\code de yair\dotNet5781_9886_7308\dotNet5781_9886_7308\DS\DS.csproj", "{7D96F688-7B3C-4C82-8EE1-F16068675F9C}"
EndProject
Project("{FAE04EC0-301F-11D3-BF4B-00C04F79EFBC}") = "PlCon", "..\..\..\Desktop\C#\Code\code de yair\dotNet5781_9886_7308\dotNet5781_9886_7308\PlCon\PlCon.csproj", "{ABC0B67B-DA32-40A0-A402-E2EACDE353B2}"
EndProject
Global
	GlobalSection(SolutionConfigurationPlatforms) = preSolution
		Debug|Any CPU = Debug|Any CPU
		Release|Any CPU = Release|Any CPU
	EndGlobalSection
	GlobalSection(ProjectConfigurationPlatforms) = postSolution
		{EA7D9DEF-9B2B-4502-AF0B-96221975A19D}.Debug|Any CPU.ActiveCfg = Debug|Any CPU
		{EA7D9DEF-9B2B-4502-AF0B-96221975A19D}.Debug|Any CPU.Build.0 = Debug|Any CPU
		{EA7D9DEF-9B2B-4502-AF0B-96221975A19D}.Release|Any CPU.ActiveCfg = Release|Any CPU
		{EA7D9DEF-9B2B-4502-AF0B-96221975A19D}.Release|Any CPU.Build.0 = Release|Any CPU
		{629B6BA9-D332-444D-A867-6A91525C29FE}.Debug|Any CPU.ActiveCfg = Debug|Any CPU
		{629B6BA9-D332-444D-A867-6A91525C29FE}.Debug|Any CPU.Build.0 = Debug|Any CPU
		{629B6BA9-D332-444D-A867-6A91525C29FE}.Release|Any CPU.ActiveCfg = Release|Any CPU
		{629B6BA9-D332-444D-A867-6A91525C29FE}.Release|Any CPU.Build.0 = Release|Any CPU
		{613B5373-C475-4241-AF33-989635F83935}.Debug|Any CPU.ActiveCfg = Debug|Any CPU
		{613B5373-C475-4241-AF33-989635F83935}.Debug|Any CPU.Build.0 = Debug|Any CPU
		{613B5373-C475-4241-AF33-989635F83935}.Release|Any CPU.ActiveCfg = Release|Any CPU
		{613B5373-C475-4241-AF33-989635F83935}.Release|Any CPU.Build.0 = Release|Any CPU
		{A9C5FF63-30E8-4FDA-A703-EED82F560921}.Debug|Any CPU.ActiveCfg = Debug|Any CPU
		{A9C5FF63-30E8-4FDA-A703-EED82F560921}.Debug|Any CPU.Build.0 = Debug|Any CPU
		{A9C5FF63-30E8-4FDA-A703-EED82F560921}.Release|Any CPU.ActiveCfg = Release|Any CPU
		{A9C5FF63-30E8-4FDA-A703-EED82F560921}.Release|Any CPU.Build.0 = Release|Any CPU
		{245CFA8C-E293-4C19-B6F1-9D581E53799C}.Debug|Any CPU.ActiveCfg = Debug|Any CPU
		{245CFA8C-E293-4C19-B6F1-9D581E53799C}.Debug|Any CPU.Build.0 = Debug|Any CPU
		{245CFA8C-E293-4C19-B6F1-9D581E53799C}.Release|Any CPU.ActiveCfg = Release|Any CPU
		{245CFA8C-E293-4C19-B6F1-9D581E53799C}.Release|Any CPU.Build.0 = Release|Any CPU
		{3CD5F7A4-DF99-476B-87F2-8757F5489A1D}.Debug|Any CPU.ActiveCfg = Debug|Any CPU
		{3CD5F7A4-DF99-476B-87F2-8757F5489A1D}.Debug|Any CPU.Build.0 = Debug|Any CPU
		{3CD5F7A4-DF99-476B-87F2-8757F5489A1D}.Release|Any CPU.ActiveCfg = Release|Any CPU
		{3CD5F7A4-DF99-476B-87F2-8757F5489A1D}.Release|Any CPU.Build.0 = Release|Any CPU
		{733185B3-D6EC-4BA2-87F4-F2BBF43C9926}.Debug|Any CPU.ActiveCfg = Debug|Any CPU
		{733185B3-D6EC-4BA2-87F4-F2BBF43C9926}.Debug|Any CPU.Build.0 = Debug|Any CPU
		{733185B3-D6EC-4BA2-87F4-F2BBF43C9926}.Release|Any CPU.ActiveCfg = Release|Any CPU
		{733185B3-D6EC-4BA2-87F4-F2BBF43C9926}.Release|Any CPU.Build.0 = Release|Any CPU
		{02D6607B-E2A1-408A-B6F9-4AC796CDFEDA}.Debug|Any CPU.ActiveCfg = Debug|Any CPU
		{02D6607B-E2A1-408A-B6F9-4AC796CDFEDA}.Debug|Any CPU.Build.0 = Debug|Any CPU
		{02D6607B-E2A1-408A-B6F9-4AC796CDFEDA}.Release|Any CPU.ActiveCfg = Release|Any CPU
		{02D6607B-E2A1-408A-B6F9-4AC796CDFEDA}.Release|Any CPU.Build.0 = Release|Any CPU
		{7D96F688-7B3C-4C82-8EE1-F16068675F9C}.Debug|Any CPU.ActiveCfg = Debug|Any CPU
		{7D96F688-7B3C-4C82-8EE1-F16068675F9C}.Debug|Any CPU.Build.0 = Debug|Any CPU
		{7D96F688-7B3C-4C82-8EE1-F16068675F9C}.Release|Any CPU.ActiveCfg = Release|Any CPU
		{7D96F688-7B3C-4C82-8EE1-F16068675F9C}.Release|Any CPU.Build.0 = Release|Any CPU
		{ABC0B67B-DA32-40A0-A402-E2EACDE353B2}.Debug|Any CPU.ActiveCfg = Debug|Any CPU
		{ABC0B67B-DA32-40A0-A402-E2EACDE353B2}.Debug|Any CPU.Build.0 = Debug|Any CPU
		{ABC0B67B-DA32-40A0-A402-E2EACDE353B2}.Release|Any CPU.ActiveCfg = Release|Any CPU
		{ABC0B67B-DA32-40A0-A402-E2EACDE353B2}.Release|Any CPU.Build.0 = Release|Any CPU
	EndGlobalSection
	GlobalSection(SolutionProperties) = preSolution
		HideSolutionNode = FALSE
	EndGlobalSection
	GlobalSection(NestedProjects) = preSolution
		{EA7D9DEF-9B2B-4502-AF0B-96221975A19D} = {69CC7603-20D4-4D5B-9BF0-E4CFC7E02CC9}
		{629B6BA9-D332-444D-A867-6A91525C29FE} = {69CC7603-20D4-4D5B-9BF0-E4CFC7E02CC9}
		{613B5373-C475-4241-AF33-989635F83935} = {69CC7603-20D4-4D5B-9BF0-E4CFC7E02CC9}
		{A9C5FF63-30E8-4FDA-A703-EED82F560921} = {69CC7603-20D4-4D5B-9BF0-E4CFC7E02CC9}
		{245CFA8C-E293-4C19-B6F1-9D581E53799C} = {69CC7603-20D4-4D5B-9BF0-E4CFC7E02CC9}
	EndGlobalSection
	GlobalSection(ExtensibilityGlobals) = postSolution
		SolutionGuid = {F882B007-EC36-4EA5-886D-BB81793042E7}
	EndGlobalSection
EndGlobal
