
Microsoft Visual Studio Solution File, Format Version 12.00
# Visual Studio Version 16
VisualStudioVersion = 16.0.30611.23
MinimumVisualStudioVersion = 10.0.40219.1
Project("{FAE04EC0-301F-11D3-BF4B-00C04F79EFBC}") = "dotNet5781_00_1743_5638", "dotNet5781_00_1743_5638\dotNet5781_00_1743_5638.csproj", "{EA7D9DEF-9B2B-4502-AF0B-96221975A19D}"
EndProject
Project("{FAE04EC0-301F-11D3-BF4B-00C04F79EFBC}") = "dotNet5781_01_1743_5638", "dotNet5781_01_1743_5638\dotNet5781_01_1743_5638.csproj", "{629B6BA9-D332-444D-A867-6A91525C29FE}"
EndProject
Project("{FAE04EC0-301F-11D3-BF4B-00C04F79EFBC}") = "dotNet5781_02_1743_5638", "dotNet5781_02_1743_5638\dotNet5781_02_1743_5638.csproj", "{613B5373-C475-4241-AF33-989635F83935}"
EndProject
Project("{FAE04EC0-301F-11D3-BF4B-00C04F79EFBC}") = "dotNet5781_03A_1743_5638", "dotNet5781_03A_1743_5638\dotNet5781_03A_1743_5638.csproj", "{A9C5FF63-30E8-4FDA-A703-EED82F560921}"
EndProject
Global
	GlobalSection(SolutionConfigurationPlatforms) = preSolution
		Debug|Any CPU = Debug|Any CPU
		Release|Any CPU = Release|Any CPU
	EndGlobalSection
	GlobalSection(ProjectConfigurationPlatforms) = postSolution
		{EA7D9DEF-9B2B-4502-AF0B-96221975A19D}.Debug|Any CPU.ActiveCfg = Debug|Any CPU
		{EA7D9DEF-9B2B-4502-AF0B-96221975A19D}.Debug|Any CPU.Build.0 = Debug|Any CPU
		{EA7D9DEF-9B2B-4502-AF0B-96221975A19D}.Release|Any CPU.ActiveCfg = Release|Any CPU
		{EA7D9DEF-9B2B-4502-AF0B-96221975A19D}.Release|Any CPU.Build.0 = Release|Any CPU
		{629B6BA9-D332-444D-A867-6A91525C29FE}.Debug|Any CPU.ActiveCfg = Debug|Any CPU
		{629B6BA9-D332-444D-A867-6A91525C29FE}.Debug|Any CPU.Build.0 = Debug|Any CPU
		{629B6BA9-D332-444D-A867-6A91525C29FE}.Release|Any CPU.ActiveCfg = Release|Any CPU
		{629B6BA9-D332-444D-A867-6A91525C29FE}.Release|Any CPU.Build.0 = Release|Any CPU
		{613B5373-C475-4241-AF33-989635F83935}.Debug|Any CPU.ActiveCfg = Debug|Any CPU
		{613B5373-C475-4241-AF33-989635F83935}.Debug|Any CPU.Build.0 = Debug|Any CPU
		{613B5373-C475-4241-AF33-989635F83935}.Release|Any CPU.ActiveCfg = Release|Any CPU
		{613B5373-C475-4241-AF33-989635F83935}.Release|Any CPU.Build.0 = Release|Any CPU
		{A9C5FF63-30E8-4FDA-A703-EED82F560921}.Debug|Any CPU.ActiveCfg = Debug|Any CPU
		{A9C5FF63-30E8-4FDA-A703-EED82F560921}.Debug|Any CPU.Build.0 = Debug|Any CPU
		{A9C5FF63-30E8-4FDA-A703-EED82F560921}.Release|Any CPU.ActiveCfg = Release|Any CPU
		{A9C5FF63-30E8-4FDA-A703-EED82F560921}.Release|Any CPU.Build.0 = Release|Any CPU
	EndGlobalSection
	GlobalSection(SolutionProperties) = preSolution
		HideSolutionNode = FALSE
	EndGlobalSection
	GlobalSection(ExtensibilityGlobals) = postSolution
		SolutionGuid = {F882B007-EC36-4EA5-886D-BB81793042E7}
	EndGlobalSection
EndGlobal
