
Microsoft Visual Studio Solution File, Format Version 12.00
# Visual Studio Version 16
VisualStudioVersion = 16.0.30621.155
MinimumVisualStudioVersion = 10.0.40219.1
Project("{FAE04EC0-301F-11D3-BF4B-00C04F79EFBC}") = "3B LOCAL", "3B LOCAL.csproj", "{87110A5C-3DDF-4A36-A8FC-B3C82BBF5E42}"
EndProject
Project("{FAE04EC0-301F-11D3-BF4B-00C04F79EFBC}") = "test1", "..\test1\test1.csproj", "{06E6AF48-90A3-4F9D-B758-58C7015AB2E2}"
EndProject
Global
	GlobalSection(SolutionConfigurationPlatforms) = preSolution
		Debug|Any CPU = Debug|Any CPU
		Release|Any CPU = Release|Any CPU
	EndGlobalSection
	GlobalSection(ProjectConfigurationPlatforms) = postSolution
		{87110A5C-3DDF-4A36-A8FC-B3C82BBF5E42}.Debug|Any CPU.ActiveCfg = Debug|Any CPU
		{87110A5C-3DDF-4A36-A8FC-B3C82BBF5E42}.Debug|Any CPU.Build.0 = Debug|Any CPU
		{87110A5C-3DDF-4A36-A8FC-B3C82BBF5E42}.Release|Any CPU.ActiveCfg = Release|Any CPU
		{87110A5C-3DDF-4A36-A8FC-B3C82BBF5E42}.Release|Any CPU.Build.0 = Release|Any CPU
		{06E6AF48-90A3-4F9D-B758-58C7015AB2E2}.Debug|Any CPU.ActiveCfg = Debug|Any CPU
		{06E6AF48-90A3-4F9D-B758-58C7015AB2E2}.Debug|Any CPU.Build.0 = Debug|Any CPU
		{06E6AF48-90A3-4F9D-B758-58C7015AB2E2}.Release|Any CPU.ActiveCfg = Release|Any CPU
		{06E6AF48-90A3-4F9D-B758-58C7015AB2E2}.Release|Any CPU.Build.0 = Release|Any CPU
	EndGlobalSection
	GlobalSection(SolutionProperties) = preSolution
		HideSolutionNode = FALSE
	EndGlobalSection
	GlobalSection(ExtensibilityGlobals) = postSolution
		SolutionGuid = {BAF1B230-5F6F-4159-B18B-CF2435E50791}
	EndGlobalSection
EndGlobal
