
Microsoft Visual Studio Solution File, Format Version 12.00
# Visual Studio Version 16
VisualStudioVersion = 16.0.30621.155
MinimumVisualStudioVersion = 10.0.40219.1
Project("{FAE04EC0-301F-11D3-BF4B-00C04F79EFBC}") = "dotNet5781_02_1743_5638", "dotNet5781_02_1743_5638.csproj", "{28085F4B-0827-4074-9F9E-36B49AA62452}"
EndProject
Global
	GlobalSection(SolutionConfigurationPlatforms) = preSolution
		Debug|Any CPU = Debug|Any CPU
		Release|Any CPU = Release|Any CPU
	EndGlobalSection
	GlobalSection(ProjectConfigurationPlatforms) = postSolution
		{28085F4B-0827-4074-9F9E-36B49AA62452}.Debug|Any CPU.ActiveCfg = Debug|Any CPU
		{28085F4B-0827-4074-9F9E-36B49AA62452}.Debug|Any CPU.Build.0 = Debug|Any CPU
		{28085F4B-0827-4074-9F9E-36B49AA62452}.Release|Any CPU.ActiveCfg = Release|Any CPU
		{28085F4B-0827-4074-9F9E-36B49AA62452}.Release|Any CPU.Build.0 = Release|Any CPU
	EndGlobalSection
	GlobalSection(SolutionProperties) = preSolution
		HideSolutionNode = FALSE
	EndGlobalSection
	GlobalSection(ExtensibilityGlobals) = postSolution
		SolutionGuid = {478E0E1C-68E0-46FA-9124-B90F0508E211}
	EndGlobalSection
EndGlobal
